// !$*UTF8*$!
{
	archiveVersion = 1;
	classes = {
	};
	objectVersion = 46;
	objects = {

/* Begin PBXBuildFile section */
		310A55ED1C422E12001EB849 /* xiaohao_icon.png in Resources */ = {isa = PBXBuildFile; fileRef = 310A55D81C422E12001EB849 /* xiaohao_icon.png */; };
		310A55EE1C422E12001EB849 /* shoutiqing_icon.png in Resources */ = {isa = PBXBuildFile; fileRef = 310A55D91C422E12001EB849 /* shoutiqing_icon.png */; };
		310A55EF1C422E12001EB849 /* huihua_icon.png in Resources */ = {isa = PBXBuildFile; fileRef = 310A55DA1C422E12001EB849 /* huihua_icon.png */; };
		310A55F01C422E12001EB849 /* shengyue_icon.png in Resources */ = {isa = PBXBuildFile; fileRef = 310A55DB1C422E12001EB849 /* shengyue_icon.png */; };
		310A55F11C422E12001EB849 /* huihua2_icon.png in Resources */ = {isa = PBXBuildFile; fileRef = 310A55DC1C422E12001EB849 /* huihua2_icon.png */; };
		310A55F21C422E12001EB849 /* shexiang_icon.png in Resources */ = {isa = PBXBuildFile; fileRef = 310A55DD1C422E12001EB849 /* shexiang_icon.png */; };
		310A55F31C422E12001EB849 /* -1526172194.png in Resources */ = {isa = PBXBuildFile; fileRef = 310A55DE1C422E12001EB849 /* -1526172194.png */; };
		310A55F41C422E12001EB849 /* shenyue_icon.png in Resources */ = {isa = PBXBuildFile; fileRef = 310A55DF1C422E12001EB849 /* shenyue_icon.png */; };
		310A55F51C422E12001EB849 /* yanliao_icon.png in Resources */ = {isa = PBXBuildFile; fileRef = 310A55E01C422E12001EB849 /* yanliao_icon.png */; };
		310A55F61C422E12001EB849 /* yujia_icon.png in Resources */ = {isa = PBXBuildFile; fileRef = 310A55E11C422E12001EB849 /* yujia_icon.png */; };
		310A55F71C422E12001EB849 /* -1942196355.png in Resources */ = {isa = PBXBuildFile; fileRef = 310A55E21C422E12001EB849 /* -1942196355.png */; };
		310A55F81C422E12001EB849 /* datiqing_icon.png in Resources */ = {isa = PBXBuildFile; fileRef = 310A55E31C422E12001EB849 /* datiqing_icon.png */; };
		310A55F91C422E12001EB849 /* gangqing_icon.png in Resources */ = {isa = PBXBuildFile; fileRef = 310A55E41C422E12001EB849 /* gangqing_icon.png */; };
		310A55FA1C422E12001EB849 /* baleiwu_icon.png in Resources */ = {isa = PBXBuildFile; fileRef = 310A55E51C422E12001EB849 /* baleiwu_icon.png */; };
		310A55FB1C422E12001EB849 /* dizi_icon.png in Resources */ = {isa = PBXBuildFile; fileRef = 310A55E61C422E12001EB849 /* dizi_icon.png */; };
		310A55FC1C422E12001EB849 /* jita.png in Resources */ = {isa = PBXBuildFile; fileRef = 310A55E71C422E12001EB849 /* jita.png */; };
		310A55FD1C422E12001EB849 /* -431538561.png in Resources */ = {isa = PBXBuildFile; fileRef = 310A55E81C422E12001EB849 /* -431538561.png */; };
		310A55FE1C422E12001EB849 /* wudao_icon.png in Resources */ = {isa = PBXBuildFile; fileRef = 310A55E91C422E12001EB849 /* wudao_icon.png */; };
		310A55FF1C422E12001EB849 /* jiazigu_icon.png in Resources */ = {isa = PBXBuildFile; fileRef = 310A55EA1C422E12001EB849 /* jiazigu_icon.png */; };
		310A56001C422E12001EB849 /* button_back.png in Resources */ = {isa = PBXBuildFile; fileRef = 310A55EB1C422E12001EB849 /* button_back.png */; };
		310A56011C422E12001EB849 /* loading.png in Resources */ = {isa = PBXBuildFile; fileRef = 310A55EC1C422E12001EB849 /* loading.png */; };
		310A562D1C422F5A001EB849 /* Images.xcassets in Resources */ = {isa = PBXBuildFile; fileRef = 310A562C1C422F5A001EB849 /* Images.xcassets */; };
		310A56301C4236A6001EB849 /* LaunchScreen.xib in Resources */ = {isa = PBXBuildFile; fileRef = 310A562E1C4236A6001EB849 /* LaunchScreen.xib */; };
		313842B01C43F5E30029D637 /* YBImageScrollView.m in Sources */ = {isa = PBXBuildFile; fileRef = 313842AF1C43F5E30029D637 /* YBImageScrollView.m */; };
		313842B31C43F8C30029D637 /* YBLayoutTool.m in Sources */ = {isa = PBXBuildFile; fileRef = 313842B21C43F8C30029D637 /* YBLayoutTool.m */; };
		315488501C5D1AF400464C8B /* YBCourseTypeCell.xib in Resources */ = {isa = PBXBuildFile; fileRef = 3154884F1C5D1AF400464C8B /* YBCourseTypeCell.xib */; };
		318359391C3BA6BE00FAB538 /* main.m in Sources */ = {isa = PBXBuildFile; fileRef = 318359381C3BA6BE00FAB538 /* main.m */; };
		3183593C1C3BA6BE00FAB538 /* AppDelegate.m in Sources */ = {isa = PBXBuildFile; fileRef = 3183593B1C3BA6BE00FAB538 /* AppDelegate.m */; };
		3183593F1C3BA6BE00FAB538 /* ViewController.m in Sources */ = {isa = PBXBuildFile; fileRef = 3183593E1C3BA6BE00FAB538 /* ViewController.m */; };
		318359451C3BA6BE00FAB538 /* YIBAO.xcdatamodeld in Sources */ = {isa = PBXBuildFile; fileRef = 318359431C3BA6BE00FAB538 /* YIBAO.xcdatamodeld */; };
		318359471C3BA6BE00FAB538 /* Assets.xcassets in Resources */ = {isa = PBXBuildFile; fileRef = 318359461C3BA6BE00FAB538 /* Assets.xcassets */; };
		318359551C3BA6BE00FAB538 /* YIBAOTests.m in Sources */ = {isa = PBXBuildFile; fileRef = 318359541C3BA6BE00FAB538 /* YIBAOTests.m */; };
		318359601C3BA6BE00FAB538 /* YIBAOUITests.m in Sources */ = {isa = PBXBuildFile; fileRef = 3183595F1C3BA6BE00FAB538 /* YIBAOUITests.m */; };
		318359721C3BF43C00FAB538 /* YBProfileController.m in Sources */ = {isa = PBXBuildFile; fileRef = 318359711C3BF43C00FAB538 /* YBProfileController.m */; };
		318359791C3BF58500FAB538 /* YBLoginController.m in Sources */ = {isa = PBXBuildFile; fileRef = 318359781C3BF58500FAB538 /* YBLoginController.m */; };
		3183597C1C3BF5AD00FAB538 /* YBHomePageController.m in Sources */ = {isa = PBXBuildFile; fileRef = 3183597B1C3BF5AD00FAB538 /* YBHomePageController.m */; };
		318359801C3BF61B00FAB538 /* YBAccountTool.m in Sources */ = {isa = PBXBuildFile; fileRef = 3183597F1C3BF61B00FAB538 /* YBAccountTool.m */; };
		31A5AD221C6355EA00C770F7 /* UIImage+Scale.m in Sources */ = {isa = PBXBuildFile; fileRef = 31A5AD211C6355EA00C770F7 /* UIImage+Scale.m */; };
		31AF57461C479DEB0096086D /* UIView+Frame.m in Sources */ = {isa = PBXBuildFile; fileRef = 31AF57451C479DEB0096086D /* UIView+Frame.m */; };
		31AF574E1C47A1230096086D /* UIImage+Image.m in Sources */ = {isa = PBXBuildFile; fileRef = 31AF574D1C47A1230096086D /* UIImage+Image.m */; };
		31AF57511C47AE160096086D /* YBCourseController.m in Sources */ = {isa = PBXBuildFile; fileRef = 31AF57501C47AE160096086D /* YBCourseController.m */; };
		31AF57541C47B6840096086D /* YBHomePageView.m in Sources */ = {isa = PBXBuildFile; fileRef = 31AF57531C47B6840096086D /* YBHomePageView.m */; };
		31AF575D1C4FC9BF0096086D /* YBCourseTypeCell.m in Sources */ = {isa = PBXBuildFile; fileRef = 31AF575B1C4FC9BF0096086D /* YBCourseTypeCell.m */; };
		31B987021C71A737005C2C75 /* ad_1.png in Resources */ = {isa = PBXBuildFile; fileRef = 31B986FD1C71A737005C2C75 /* ad_1.png */; };
		31B987031C71A737005C2C75 /* ad_2.png in Resources */ = {isa = PBXBuildFile; fileRef = 31B986FE1C71A737005C2C75 /* ad_2.png */; };
		31B987041C71A737005C2C75 /* ad_3.png in Resources */ = {isa = PBXBuildFile; fileRef = 31B986FF1C71A737005C2C75 /* ad_3.png */; };
		31B987051C71A737005C2C75 /* ad_4.png in Resources */ = {isa = PBXBuildFile; fileRef = 31B987001C71A737005C2C75 /* ad_4.png */; };
		31B987061C71A737005C2C75 /* ad_5.png in Resources */ = {isa = PBXBuildFile; fileRef = 31B987011C71A737005C2C75 /* ad_5.png */; };
/* End PBXBuildFile section */

/* Begin PBXContainerItemProxy section */
		318359511C3BA6BE00FAB538 /* PBXContainerItemProxy */ = {
			isa = PBXContainerItemProxy;
			containerPortal = 3183592C1C3BA6BD00FAB538 /* Project object */;
			proxyType = 1;
			remoteGlobalIDString = 318359331C3BA6BD00FAB538;
			remoteInfo = YIBAO;
		};
		3183595C1C3BA6BE00FAB538 /* PBXContainerItemProxy */ = {
			isa = PBXContainerItemProxy;
			containerPortal = 3183592C1C3BA6BD00FAB538 /* Project object */;
			proxyType = 1;
			remoteGlobalIDString = 318359331C3BA6BD00FAB538;
			remoteInfo = YIBAO;
		};
/* End PBXContainerItemProxy section */

/* Begin PBXFileReference section */
		310A55D81C422E12001EB849 /* xiaohao_icon.png */ = {isa = PBXFileReference; lastKnownFileType = image.png; path = xiaohao_icon.png; sourceTree = "<group>"; };
		310A55D91C422E12001EB849 /* shoutiqing_icon.png */ = {isa = PBXFileReference; lastKnownFileType = image.png; path = shoutiqing_icon.png; sourceTree = "<group>"; };
		310A55DA1C422E12001EB849 /* huihua_icon.png */ = {isa = PBXFileReference; lastKnownFileType = image.png; path = huihua_icon.png; sourceTree = "<group>"; };
		310A55DB1C422E12001EB849 /* shengyue_icon.png */ = {isa = PBXFileReference; lastKnownFileType = image.png; path = shengyue_icon.png; sourceTree = "<group>"; };
		310A55DC1C422E12001EB849 /* huihua2_icon.png */ = {isa = PBXFileReference; lastKnownFileType = image.png; path = huihua2_icon.png; sourceTree = "<group>"; };
		310A55DD1C422E12001EB849 /* shexiang_icon.png */ = {isa = PBXFileReference; lastKnownFileType = image.png; path = shexiang_icon.png; sourceTree = "<group>"; };
		310A55DE1C422E12001EB849 /* -1526172194.png */ = {isa = PBXFileReference; lastKnownFileType = image.png; path = "-1526172194.png"; sourceTree = "<group>"; };
		310A55DF1C422E12001EB849 /* shenyue_icon.png */ = {isa = PBXFileReference; lastKnownFileType = image.png; path = shenyue_icon.png; sourceTree = "<group>"; };
		310A55E01C422E12001EB849 /* yanliao_icon.png */ = {isa = PBXFileReference; lastKnownFileType = image.png; path = yanliao_icon.png; sourceTree = "<group>"; };
		310A55E11C422E12001EB849 /* yujia_icon.png */ = {isa = PBXFileReference; lastKnownFileType = image.png; path = yujia_icon.png; sourceTree = "<group>"; };
		310A55E21C422E12001EB849 /* -1942196355.png */ = {isa = PBXFileReference; lastKnownFileType = image.png; path = "-1942196355.png"; sourceTree = "<group>"; };
		310A55E31C422E12001EB849 /* datiqing_icon.png */ = {isa = PBXFileReference; lastKnownFileType = image.png; path = datiqing_icon.png; sourceTree = "<group>"; };
		310A55E41C422E12001EB849 /* gangqing_icon.png */ = {isa = PBXFileReference; lastKnownFileType = image.png; path = gangqing_icon.png; sourceTree = "<group>"; };
		310A55E51C422E12001EB849 /* baleiwu_icon.png */ = {isa = PBXFileReference; lastKnownFileType = image.png; path = baleiwu_icon.png; sourceTree = "<group>"; };
		310A55E61C422E12001EB849 /* dizi_icon.png */ = {isa = PBXFileReference; lastKnownFileType = image.png; path = dizi_icon.png; sourceTree = "<group>"; };
		310A55E71C422E12001EB849 /* jita.png */ = {isa = PBXFileReference; lastKnownFileType = image.png; path = jita.png; sourceTree = "<group>"; };
		310A55E81C422E12001EB849 /* -431538561.png */ = {isa = PBXFileReference; lastKnownFileType = image.png; path = "-431538561.png"; sourceTree = "<group>"; };
		310A55E91C422E12001EB849 /* wudao_icon.png */ = {isa = PBXFileReference; lastKnownFileType = image.png; path = wudao_icon.png; sourceTree = "<group>"; };
		310A55EA1C422E12001EB849 /* jiazigu_icon.png */ = {isa = PBXFileReference; lastKnownFileType = image.png; path = jiazigu_icon.png; sourceTree = "<group>"; };
		310A55EB1C422E12001EB849 /* button_back.png */ = {isa = PBXFileReference; lastKnownFileType = image.png; path = button_back.png; sourceTree = "<group>"; };
		310A55EC1C422E12001EB849 /* loading.png */ = {isa = PBXFileReference; lastKnownFileType = image.png; path = loading.png; sourceTree = "<group>"; };
		310A562C1C422F5A001EB849 /* Images.xcassets */ = {isa = PBXFileReference; lastKnownFileType = folder.assetcatalog; name = Images.xcassets; path = YIBAO/Images.xcassets; sourceTree = "<group>"; };
		310A562F1C4236A6001EB849 /* Base */ = {isa = PBXFileReference; lastKnownFileType = file.xib; name = Base; path = YIBAO/Base.lproj/LaunchScreen.xib; sourceTree = "<group>"; };
		313842AE1C43F5E30029D637 /* YBImageScrollView.h */ = {isa = PBXFileReference; fileEncoding = 4; lastKnownFileType = sourcecode.c.h; name = YBImageScrollView.h; path = Course/YBImageScrollView.h; sourceTree = "<group>"; };
		313842AF1C43F5E30029D637 /* YBImageScrollView.m */ = {isa = PBXFileReference; fileEncoding = 4; lastKnownFileType = sourcecode.c.objc; name = YBImageScrollView.m; path = Course/YBImageScrollView.m; sourceTree = "<group>"; };
		313842B11C43F8C30029D637 /* YBLayoutTool.h */ = {isa = PBXFileReference; fileEncoding = 4; lastKnownFileType = sourcecode.c.h; name = YBLayoutTool.h; path = Tools/YBLayoutTool.h; sourceTree = "<group>"; };
		313842B21C43F8C30029D637 /* YBLayoutTool.m */ = {isa = PBXFileReference; fileEncoding = 4; lastKnownFileType = sourcecode.c.objc; name = YBLayoutTool.m; path = Tools/YBLayoutTool.m; sourceTree = "<group>"; };
		3154884F1C5D1AF400464C8B /* YBCourseTypeCell.xib */ = {isa = PBXFileReference; fileEncoding = 4; lastKnownFileType = file.xib; name = YBCourseTypeCell.xib; path = Views/YBCourseTypeCell.xib; sourceTree = "<group>"; };
		318359341C3BA6BE00FAB538 /* YIBAO.app */ = {isa = PBXFileReference; explicitFileType = wrapper.application; includeInIndex = 0; path = YIBAO.app; sourceTree = BUILT_PRODUCTS_DIR; };
		318359381C3BA6BE00FAB538 /* main.m */ = {isa = PBXFileReference; lastKnownFileType = sourcecode.c.objc; path = main.m; sourceTree = "<group>"; };
		3183593A1C3BA6BE00FAB538 /* AppDelegate.h */ = {isa = PBXFileReference; lastKnownFileType = sourcecode.c.h; path = AppDelegate.h; sourceTree = "<group>"; };
		3183593B1C3BA6BE00FAB538 /* AppDelegate.m */ = {isa = PBXFileReference; lastKnownFileType = sourcecode.c.objc; path = AppDelegate.m; sourceTree = "<group>"; };
		3183593D1C3BA6BE00FAB538 /* ViewController.h */ = {isa = PBXFileReference; lastKnownFileType = sourcecode.c.h; path = ViewController.h; sourceTree = "<group>"; };
		3183593E1C3BA6BE00FAB538 /* ViewController.m */ = {isa = PBXFileReference; lastKnownFileType = sourcecode.c.objc; path = ViewController.m; sourceTree = "<group>"; };
		318359441C3BA6BE00FAB538 /* YIBAO.xcdatamodel */ = {isa = PBXFileReference; lastKnownFileType = wrapper.xcdatamodel; path = YIBAO.xcdatamodel; sourceTree = "<group>"; };
		318359461C3BA6BE00FAB538 /* Assets.xcassets */ = {isa = PBXFileReference; lastKnownFileType = folder.assetcatalog; path = Assets.xcassets; sourceTree = "<group>"; };
		3183594B1C3BA6BE00FAB538 /* Info.plist */ = {isa = PBXFileReference; lastKnownFileType = text.plist.xml; path = Info.plist; sourceTree = "<group>"; };
		318359501C3BA6BE00FAB538 /* YIBAOTests.xctest */ = {isa = PBXFileReference; explicitFileType = wrapper.cfbundle; includeInIndex = 0; path = YIBAOTests.xctest; sourceTree = BUILT_PRODUCTS_DIR; };
		318359541C3BA6BE00FAB538 /* YIBAOTests.m */ = {isa = PBXFileReference; lastKnownFileType = sourcecode.c.objc; path = YIBAOTests.m; sourceTree = "<group>"; };
		318359561C3BA6BE00FAB538 /* Info.plist */ = {isa = PBXFileReference; lastKnownFileType = text.plist.xml; path = Info.plist; sourceTree = "<group>"; };
		3183595B1C3BA6BE00FAB538 /* YIBAOUITests.xctest */ = {isa = PBXFileReference; explicitFileType = wrapper.cfbundle; includeInIndex = 0; path = YIBAOUITests.xctest; sourceTree = BUILT_PRODUCTS_DIR; };
		3183595F1C3BA6BE00FAB538 /* YIBAOUITests.m */ = {isa = PBXFileReference; lastKnownFileType = sourcecode.c.objc; path = YIBAOUITests.m; sourceTree = "<group>"; };
		318359611C3BA6BE00FAB538 /* Info.plist */ = {isa = PBXFileReference; lastKnownFileType = text.plist.xml; path = Info.plist; sourceTree = "<group>"; };
		318359701C3BF43C00FAB538 /* YBProfileController.h */ = {isa = PBXFileReference; fileEncoding = 4; lastKnownFileType = sourcecode.c.h; name = YBProfileController.h; path = Profile/YBProfileController.h; sourceTree = "<group>"; };
		318359711C3BF43C00FAB538 /* YBProfileController.m */ = {isa = PBXFileReference; fileEncoding = 4; lastKnownFileType = sourcecode.c.objc; name = YBProfileController.m; path = Profile/YBProfileController.m; sourceTree = "<group>"; };
		318359771C3BF58500FAB538 /* YBLoginController.h */ = {isa = PBXFileReference; fileEncoding = 4; lastKnownFileType = sourcecode.c.h; name = YBLoginController.h; path = Login/YBLoginController.h; sourceTree = "<group>"; };
		318359781C3BF58500FAB538 /* YBLoginController.m */ = {isa = PBXFileReference; fileEncoding = 4; lastKnownFileType = sourcecode.c.objc; name = YBLoginController.m; path = Login/YBLoginController.m; sourceTree = "<group>"; };
		3183597A1C3BF5AD00FAB538 /* YBHomePageController.h */ = {isa = PBXFileReference; fileEncoding = 4; lastKnownFileType = sourcecode.c.h; name = YBHomePageController.h; path = Course/YBHomePageController.h; sourceTree = "<group>"; };
		3183597B1C3BF5AD00FAB538 /* YBHomePageController.m */ = {isa = PBXFileReference; fileEncoding = 4; lastKnownFileType = sourcecode.c.objc; name = YBHomePageController.m; path = Course/YBHomePageController.m; sourceTree = "<group>"; };
		3183597E1C3BF61B00FAB538 /* YBAccountTool.h */ = {isa = PBXFileReference; fileEncoding = 4; lastKnownFileType = sourcecode.c.h; name = YBAccountTool.h; path = Tools/YBAccountTool.h; sourceTree = "<group>"; };
		3183597F1C3BF61B00FAB538 /* YBAccountTool.m */ = {isa = PBXFileReference; fileEncoding = 4; lastKnownFileType = sourcecode.c.objc; name = YBAccountTool.m; path = Tools/YBAccountTool.m; sourceTree = "<group>"; };
		31A5AD201C6355EA00C770F7 /* UIImage+Scale.h */ = {isa = PBXFileReference; fileEncoding = 4; lastKnownFileType = sourcecode.c.h; path = "UIImage+Scale.h"; sourceTree = "<group>"; };
		31A5AD211C6355EA00C770F7 /* UIImage+Scale.m */ = {isa = PBXFileReference; fileEncoding = 4; lastKnownFileType = sourcecode.c.objc; path = "UIImage+Scale.m"; sourceTree = "<group>"; };
		31AF57441C479DEB0096086D /* UIView+Frame.h */ = {isa = PBXFileReference; fileEncoding = 4; lastKnownFileType = sourcecode.c.h; path = "UIView+Frame.h"; sourceTree = "<group>"; };
		31AF57451C479DEB0096086D /* UIView+Frame.m */ = {isa = PBXFileReference; fileEncoding = 4; lastKnownFileType = sourcecode.c.objc; path = "UIView+Frame.m"; sourceTree = "<group>"; };
		31AF574B1C47A1050096086D /* PrefixHeader.pch */ = {isa = PBXFileReference; lastKnownFileType = sourcecode.c.h; path = PrefixHeader.pch; sourceTree = "<group>"; };
		31AF574C1C47A1230096086D /* UIImage+Image.h */ = {isa = PBXFileReference; fileEncoding = 4; lastKnownFileType = sourcecode.c.h; path = "UIImage+Image.h"; sourceTree = "<group>"; };
		31AF574D1C47A1230096086D /* UIImage+Image.m */ = {isa = PBXFileReference; fileEncoding = 4; lastKnownFileType = sourcecode.c.objc; path = "UIImage+Image.m"; sourceTree = "<group>"; };
		31AF574F1C47AE160096086D /* YBCourseController.h */ = {isa = PBXFileReference; fileEncoding = 4; lastKnownFileType = sourcecode.c.h; path = YBCourseController.h; sourceTree = "<group>"; };
		31AF57501C47AE160096086D /* YBCourseController.m */ = {isa = PBXFileReference; fileEncoding = 4; lastKnownFileType = sourcecode.c.objc; path = YBCourseController.m; sourceTree = "<group>"; };
		31AF57521C47B6840096086D /* YBHomePageView.h */ = {isa = PBXFileReference; fileEncoding = 4; lastKnownFileType = sourcecode.c.h; path = YBHomePageView.h; sourceTree = "<group>"; };
		31AF57531C47B6840096086D /* YBHomePageView.m */ = {isa = PBXFileReference; fileEncoding = 4; lastKnownFileType = sourcecode.c.objc; path = YBHomePageView.m; sourceTree = "<group>"; };
		31AF575A1C4FC9BF0096086D /* YBCourseTypeCell.h */ = {isa = PBXFileReference; fileEncoding = 4; lastKnownFileType = sourcecode.c.h; name = YBCourseTypeCell.h; path = Views/YBCourseTypeCell.h; sourceTree = "<group>"; };
		31AF575B1C4FC9BF0096086D /* YBCourseTypeCell.m */ = {isa = PBXFileReference; fileEncoding = 4; lastKnownFileType = sourcecode.c.objc; name = YBCourseTypeCell.m; path = Views/YBCourseTypeCell.m; sourceTree = "<group>"; };
		31B986FD1C71A737005C2C75 /* ad_1.png */ = {isa = PBXFileReference; lastKnownFileType = image.png; path = ad_1.png; sourceTree = "<group>"; };
		31B986FE1C71A737005C2C75 /* ad_2.png */ = {isa = PBXFileReference; lastKnownFileType = image.png; path = ad_2.png; sourceTree = "<group>"; };
		31B986FF1C71A737005C2C75 /* ad_3.png */ = {isa = PBXFileReference; lastKnownFileType = image.png; path = ad_3.png; sourceTree = "<group>"; };
		31B987001C71A737005C2C75 /* ad_4.png */ = {isa = PBXFileReference; lastKnownFileType = image.png; path = ad_4.png; sourceTree = "<group>"; };
		31B987011C71A737005C2C75 /* ad_5.png */ = {isa = PBXFileReference; lastKnownFileType = image.png; path = ad_5.png; sourceTree = "<group>"; };
/* End PBXFileReference section */

/* Begin PBXFrameworksBuildPhase section */
		318359311C3BA6BD00FAB538 /* Frameworks */ = {
			isa = PBXFrameworksBuildPhase;
			buildActionMask = 2147483647;
			files = (
			);
			runOnlyForDeploymentPostprocessing = 0;
		};
		3183594D1C3BA6BE00FAB538 /* Frameworks */ = {
			isa = PBXFrameworksBuildPhase;
			buildActionMask = 2147483647;
			files = (
			);
			runOnlyForDeploymentPostprocessing = 0;
		};
		318359581C3BA6BE00FAB538 /* Frameworks */ = {
			isa = PBXFrameworksBuildPhase;
			buildActionMask = 2147483647;
			files = (
			);
			runOnlyForDeploymentPostprocessing = 0;
		};
/* End PBXFrameworksBuildPhase section */

/* Begin PBXGroup section */
		310A55D71C422E12001EB849 /* 素材 */ = {
			isa = PBXGroup;
			children = (
				31B986FD1C71A737005C2C75 /* ad_1.png */,
				31B986FE1C71A737005C2C75 /* ad_2.png */,
				31B986FF1C71A737005C2C75 /* ad_3.png */,
				31B987001C71A737005C2C75 /* ad_4.png */,
				31B987011C71A737005C2C75 /* ad_5.png */,
				310A55D81C422E12001EB849 /* xiaohao_icon.png */,
				310A55D91C422E12001EB849 /* shoutiqing_icon.png */,
				310A55DA1C422E12001EB849 /* huihua_icon.png */,
				310A55DB1C422E12001EB849 /* shengyue_icon.png */,
				310A55DC1C422E12001EB849 /* huihua2_icon.png */,
				310A55DD1C422E12001EB849 /* shexiang_icon.png */,
				310A55DE1C422E12001EB849 /* -1526172194.png */,
				310A55DF1C422E12001EB849 /* shenyue_icon.png */,
				310A55E01C422E12001EB849 /* yanliao_icon.png */,
				310A55E11C422E12001EB849 /* yujia_icon.png */,
				310A55E21C422E12001EB849 /* -1942196355.png */,
				310A55E31C422E12001EB849 /* datiqing_icon.png */,
				310A55E41C422E12001EB849 /* gangqing_icon.png */,
				310A55E51C422E12001EB849 /* baleiwu_icon.png */,
				310A55E61C422E12001EB849 /* dizi_icon.png */,
				310A55E71C422E12001EB849 /* jita.png */,
				310A55E81C422E12001EB849 /* -431538561.png */,
				310A55E91C422E12001EB849 /* wudao_icon.png */,
				310A55EA1C422E12001EB849 /* jiazigu_icon.png */,
				310A55EB1C422E12001EB849 /* button_back.png */,
				310A55EC1C422E12001EB849 /* loading.png */,
			);
			path = "素材";
			sourceTree = "<group>";
		};
		3183592B1C3BA6BD00FAB538 = {
			isa = PBXGroup;
			children = (
				310A562E1C4236A6001EB849 /* LaunchScreen.xib */,
				310A562C1C422F5A001EB849 /* Images.xcassets */,
				310A55D71C422E12001EB849 /* 素材 */,
				318359361C3BA6BE00FAB538 /* YIBAO */,
				318359531C3BA6BE00FAB538 /* YIBAOTests */,
				3183595E1C3BA6BE00FAB538 /* YIBAOUITests */,
				318359351C3BA6BE00FAB538 /* Products */,
			);
			sourceTree = "<group>";
		};
		318359351C3BA6BE00FAB538 /* Products */ = {
			isa = PBXGroup;
			children = (
				318359341C3BA6BE00FAB538 /* YIBAO.app */,
				318359501C3BA6BE00FAB538 /* YIBAOTests.xctest */,
				3183595B1C3BA6BE00FAB538 /* YIBAOUITests.xctest */,
			);
			name = Products;
			sourceTree = "<group>";
		};
		318359361C3BA6BE00FAB538 /* YIBAO */ = {
			isa = PBXGroup;
			children = (
				31AF57471C479E080096086D /* Others */,
				3183597D1C3BF5D700FAB538 /* Tools */,
				3183596F1C3BC2E400FAB538 /* Main */,
				318359761C3BF53400FAB538 /* Login */,
				3183596E1C3BC2D900FAB538 /* Profile */,
				3183596D1C3BC2B400FAB538 /* Courses */,
				318359461C3BA6BE00FAB538 /* Assets.xcassets */,
				3183594B1C3BA6BE00FAB538 /* Info.plist */,
				318359431C3BA6BE00FAB538 /* YIBAO.xcdatamodeld */,
				318359371C3BA6BE00FAB538 /* Supporting Files */,
			);
			path = YIBAO;
			sourceTree = "<group>";
		};
		318359371C3BA6BE00FAB538 /* Supporting Files */ = {
			isa = PBXGroup;
			children = (
				31AF574B1C47A1050096086D /* PrefixHeader.pch */,
				318359381C3BA6BE00FAB538 /* main.m */,
			);
			name = "Supporting Files";
			sourceTree = "<group>";
		};
		318359531C3BA6BE00FAB538 /* YIBAOTests */ = {
			isa = PBXGroup;
			children = (
				318359541C3BA6BE00FAB538 /* YIBAOTests.m */,
				318359561C3BA6BE00FAB538 /* Info.plist */,
			);
			path = YIBAOTests;
			sourceTree = "<group>";
		};
		3183595E1C3BA6BE00FAB538 /* YIBAOUITests */ = {
			isa = PBXGroup;
			children = (
				3183595F1C3BA6BE00FAB538 /* YIBAOUITests.m */,
				318359611C3BA6BE00FAB538 /* Info.plist */,
			);
			path = YIBAOUITests;
			sourceTree = "<group>";
		};
		3183596D1C3BC2B400FAB538 /* Courses */ = {
			isa = PBXGroup;
			children = (
				31AF57591C4FC9820096086D /* View */,
				3183597A1C3BF5AD00FAB538 /* YBHomePageController.h */,
				3183597B1C3BF5AD00FAB538 /* YBHomePageController.m */,
				313842AE1C43F5E30029D637 /* YBImageScrollView.h */,
				313842AF1C43F5E30029D637 /* YBImageScrollView.m */,
				31AF574F1C47AE160096086D /* YBCourseController.h */,
				31AF57501C47AE160096086D /* YBCourseController.m */,
				31AF57521C47B6840096086D /* YBHomePageView.h */,
				31AF57531C47B6840096086D /* YBHomePageView.m */,
			);
			name = Courses;
			sourceTree = "<group>";
		};
		3183596E1C3BC2D900FAB538 /* Profile */ = {
			isa = PBXGroup;
			children = (
				318359701C3BF43C00FAB538 /* YBProfileController.h */,
				318359711C3BF43C00FAB538 /* YBProfileController.m */,
			);
			name = Profile;
			sourceTree = "<group>";
		};
		3183596F1C3BC2E400FAB538 /* Main */ = {
			isa = PBXGroup;
			children = (
				3183593A1C3BA6BE00FAB538 /* AppDelegate.h */,
				3183593B1C3BA6BE00FAB538 /* AppDelegate.m */,
				3183593D1C3BA6BE00FAB538 /* ViewController.h */,
				3183593E1C3BA6BE00FAB538 /* ViewController.m */,
			);
			name = Main;
			sourceTree = "<group>";
		};
		318359761C3BF53400FAB538 /* Login */ = {
			isa = PBXGroup;
			children = (
				318359771C3BF58500FAB538 /* YBLoginController.h */,
				318359781C3BF58500FAB538 /* YBLoginController.m */,
			);
			name = Login;
			sourceTree = "<group>";
		};
		3183597D1C3BF5D700FAB538 /* Tools */ = {
			isa = PBXGroup;
			children = (
				3183597F1C3BF61B00FAB538 /* YBAccountTool.m */,
				3183597E1C3BF61B00FAB538 /* YBAccountTool.h */,
				313842B11C43F8C30029D637 /* YBLayoutTool.h */,
				313842B21C43F8C30029D637 /* YBLayoutTool.m */,
			);
			name = Tools;
			sourceTree = "<group>";
		};
		31AF57471C479E080096086D /* Others */ = {
			isa = PBXGroup;
			children = (
				31AF574C1C47A1230096086D /* UIImage+Image.h */,
				31AF574D1C47A1230096086D /* UIImage+Image.m */,
				31AF57441C479DEB0096086D /* UIView+Frame.h */,
				31AF57451C479DEB0096086D /* UIView+Frame.m */,
				31A5AD201C6355EA00C770F7 /* UIImage+Scale.h */,
				31A5AD211C6355EA00C770F7 /* UIImage+Scale.m */,
			);
			name = Others;
			sourceTree = "<group>";
		};
		31AF57591C4FC9820096086D /* View */ = {
			isa = PBXGroup;
			children = (
				31AF575A1C4FC9BF0096086D /* YBCourseTypeCell.h */,
				31AF575B1C4FC9BF0096086D /* YBCourseTypeCell.m */,
				3154884F1C5D1AF400464C8B /* YBCourseTypeCell.xib */,
			);
			name = View;
			sourceTree = "<group>";
		};
/* End PBXGroup section */

/* Begin PBXNativeTarget section */
		318359331C3BA6BD00FAB538 /* YIBAO */ = {
			isa = PBXNativeTarget;
			buildConfigurationList = 318359641C3BA6BE00FAB538 /* Build configuration list for PBXNativeTarget "YIBAO" */;
			buildPhases = (
				318359301C3BA6BD00FAB538 /* Sources */,
				318359311C3BA6BD00FAB538 /* Frameworks */,
				318359321C3BA6BD00FAB538 /* Resources */,
			);
			buildRules = (
			);
			dependencies = (
			);
			name = YIBAO;
			productName = YIBAO;
			productReference = 318359341C3BA6BE00FAB538 /* YIBAO.app */;
			productType = "com.apple.product-type.application";
		};
		3183594F1C3BA6BE00FAB538 /* YIBAOTests */ = {
			isa = PBXNativeTarget;
			buildConfigurationList = 318359671C3BA6BE00FAB538 /* Build configuration list for PBXNativeTarget "YIBAOTests" */;
			buildPhases = (
				3183594C1C3BA6BE00FAB538 /* Sources */,
				3183594D1C3BA6BE00FAB538 /* Frameworks */,
				3183594E1C3BA6BE00FAB538 /* Resources */,
			);
			buildRules = (
			);
			dependencies = (
				318359521C3BA6BE00FAB538 /* PBXTargetDependency */,
			);
			name = YIBAOTests;
			productName = YIBAOTests;
			productReference = 318359501C3BA6BE00FAB538 /* YIBAOTests.xctest */;
			productType = "com.apple.product-type.bundle.unit-test";
		};
		3183595A1C3BA6BE00FAB538 /* YIBAOUITests */ = {
			isa = PBXNativeTarget;
			buildConfigurationList = 3183596A1C3BA6BE00FAB538 /* Build configuration list for PBXNativeTarget "YIBAOUITests" */;
			buildPhases = (
				318359571C3BA6BE00FAB538 /* Sources */,
				318359581C3BA6BE00FAB538 /* Frameworks */,
				318359591C3BA6BE00FAB538 /* Resources */,
			);
			buildRules = (
			);
			dependencies = (
				3183595D1C3BA6BE00FAB538 /* PBXTargetDependency */,
			);
			name = YIBAOUITests;
			productName = YIBAOUITests;
			productReference = 3183595B1C3BA6BE00FAB538 /* YIBAOUITests.xctest */;
			productType = "com.apple.product-type.bundle.ui-testing";
		};
/* End PBXNativeTarget section */

/* Begin PBXProject section */
		3183592C1C3BA6BD00FAB538 /* Project object */ = {
			isa = PBXProject;
			attributes = {
				CLASSPREFIX = YB;
				LastUpgradeCheck = 0710;
				ORGANIZATIONNAME = ZJU;
				TargetAttributes = {
					318359331C3BA6BD00FAB538 = {
						CreatedOnToolsVersion = 7.1;
						DevelopmentTeam = 32Z3E38D6H;
					};
					3183594F1C3BA6BE00FAB538 = {
						CreatedOnToolsVersion = 7.1;
						DevelopmentTeam = 32Z3E38D6H;
						TestTargetID = 318359331C3BA6BD00FAB538;
					};
					3183595A1C3BA6BE00FAB538 = {
						CreatedOnToolsVersion = 7.1;
						DevelopmentTeam = 32Z3E38D6H;
						TestTargetID = 318359331C3BA6BD00FAB538;
					};
				};
			};
			buildConfigurationList = 3183592F1C3BA6BD00FAB538 /* Build configuration list for PBXProject "YIBAO" */;
			compatibilityVersion = "Xcode 3.2";
			developmentRegion = English;
			hasScannedForEncodings = 0;
			knownRegions = (
				en,
				Base,
			);
			mainGroup = 3183592B1C3BA6BD00FAB538;
			productRefGroup = 318359351C3BA6BE00FAB538 /* Products */;
			projectDirPath = "";
			projectRoot = "";
			targets = (
				318359331C3BA6BD00FAB538 /* YIBAO */,
				3183594F1C3BA6BE00FAB538 /* YIBAOTests */,
				3183595A1C3BA6BE00FAB538 /* YIBAOUITests */,
			);
		};
/* End PBXProject section */

/* Begin PBXResourcesBuildPhase section */
		318359321C3BA6BD00FAB538 /* Resources */ = {
			isa = PBXResourcesBuildPhase;
			buildActionMask = 2147483647;
			files = (
				310A55FB1C422E12001EB849 /* dizi_icon.png in Resources */,
				310A55FD1C422E12001EB849 /* -431538561.png in Resources */,
				31B987031C71A737005C2C75 /* ad_2.png in Resources */,
				310A55FC1C422E12001EB849 /* jita.png in Resources */,
				310A55F01C422E12001EB849 /* shengyue_icon.png in Resources */,
				310A56301C4236A6001EB849 /* LaunchScreen.xib in Resources */,
				310A55F51C422E12001EB849 /* yanliao_icon.png in Resources */,
				310A55FA1C422E12001EB849 /* baleiwu_icon.png in Resources */,
				310A55F21C422E12001EB849 /* shexiang_icon.png in Resources */,
				310A55F41C422E12001EB849 /* shenyue_icon.png in Resources */,
				310A55FE1C422E12001EB849 /* wudao_icon.png in Resources */,
				310A562D1C422F5A001EB849 /* Images.xcassets in Resources */,
				310A55F61C422E12001EB849 /* yujia_icon.png in Resources */,
				310A55EE1C422E12001EB849 /* shoutiqing_icon.png in Resources */,
				310A55F91C422E12001EB849 /* gangqing_icon.png in Resources */,
				315488501C5D1AF400464C8B /* YBCourseTypeCell.xib in Resources */,
				310A55F81C422E12001EB849 /* datiqing_icon.png in Resources */,
				310A55F11C422E12001EB849 /* huihua2_icon.png in Resources */,
				31B987041C71A737005C2C75 /* ad_3.png in Resources */,
				310A55F31C422E12001EB849 /* -1526172194.png in Resources */,
				310A55FF1C422E12001EB849 /* jiazigu_icon.png in Resources */,
				31B987051C71A737005C2C75 /* ad_4.png in Resources */,
				310A56011C422E12001EB849 /* loading.png in Resources */,
				31B987021C71A737005C2C75 /* ad_1.png in Resources */,
				310A55EF1C422E12001EB849 /* huihua_icon.png in Resources */,
				310A55F71C422E12001EB849 /* -1942196355.png in Resources */,
				31B987061C71A737005C2C75 /* ad_5.png in Resources */,
				318359471C3BA6BE00FAB538 /* Assets.xcassets in Resources */,
				310A56001C422E12001EB849 /* button_back.png in Resources */,
				310A55ED1C422E12001EB849 /* xiaohao_icon.png in Resources */,
			);
			runOnlyForDeploymentPostprocessing = 0;
		};
		3183594E1C3BA6BE00FAB538 /* Resources */ = {
			isa = PBXResourcesBuildPhase;
			buildActionMask = 2147483647;
			files = (
			);
			runOnlyForDeploymentPostprocessing = 0;
		};
		318359591C3BA6BE00FAB538 /* Resources */ = {
			isa = PBXResourcesBuildPhase;
			buildActionMask = 2147483647;
			files = (
			);
			runOnlyForDeploymentPostprocessing = 0;
		};
/* End PBXResourcesBuildPhase section */

/* Begin PBXSourcesBuildPhase section */
		318359301C3BA6BD00FAB538 /* Sources */ = {
			isa = PBXSourcesBuildPhase;
			buildActionMask = 2147483647;
			files = (
				318359801C3BF61B00FAB538 /* YBAccountTool.m in Sources */,
				313842B01C43F5E30029D637 /* YBImageScrollView.m in Sources */,
				318359721C3BF43C00FAB538 /* YBProfileController.m in Sources */,
				3183593F1C3BA6BE00FAB538 /* ViewController.m in Sources */,
				318359791C3BF58500FAB538 /* YBLoginController.m in Sources */,
				31AF57541C47B6840096086D /* YBHomePageView.m in Sources */,
				31AF575D1C4FC9BF0096086D /* YBCourseTypeCell.m in Sources */,
				3183593C1C3BA6BE00FAB538 /* AppDelegate.m in Sources */,
				31AF574E1C47A1230096086D /* UIImage+Image.m in Sources */,
				31AF57511C47AE160096086D /* YBCourseController.m in Sources */,
				313842B31C43F8C30029D637 /* YBLayoutTool.m in Sources */,
				318359451C3BA6BE00FAB538 /* YIBAO.xcdatamodeld in Sources */,
				3183597C1C3BF5AD00FAB538 /* YBHomePageController.m in Sources */,
				318359391C3BA6BE00FAB538 /* main.m in Sources */,
				31A5AD221C6355EA00C770F7 /* UIImage+Scale.m in Sources */,
				31AF57461C479DEB0096086D /* UIView+Frame.m in Sources */,
			);
			runOnlyForDeploymentPostprocessing = 0;
		};
		3183594C1C3BA6BE00FAB538 /* Sources */ = {
			isa = PBXSourcesBuildPhase;
			buildActionMask = 2147483647;
			files = (
				318359551C3BA6BE00FAB538 /* YIBAOTests.m in Sources */,
			);
			runOnlyForDeploymentPostprocessing = 0;
		};
		318359571C3BA6BE00FAB538 /* Sources */ = {
			isa = PBXSourcesBuildPhase;
			buildActionMask = 2147483647;
			files = (
				318359601C3BA6BE00FAB538 /* YIBAOUITests.m in Sources */,
			);
			runOnlyForDeploymentPostprocessing = 0;
		};
/* End PBXSourcesBuildPhase section */

/* Begin PBXTargetDependency section */
		318359521C3BA6BE00FAB538 /* PBXTargetDependency */ = {
			isa = PBXTargetDependency;
			target = 318359331C3BA6BD00FAB538 /* YIBAO */;
			targetProxy = 318359511C3BA6BE00FAB538 /* PBXContainerItemProxy */;
		};
		3183595D1C3BA6BE00FAB538 /* PBXTargetDependency */ = {
			isa = PBXTargetDependency;
			target = 318359331C3BA6BD00FAB538 /* YIBAO */;
			targetProxy = 3183595C1C3BA6BE00FAB538 /* PBXContainerItemProxy */;
		};
/* End PBXTargetDependency section */

/* Begin PBXVariantGroup section */
		310A562E1C4236A6001EB849 /* LaunchScreen.xib */ = {
			isa = PBXVariantGroup;
			children = (
				310A562F1C4236A6001EB849 /* Base */,
			);
			name = LaunchScreen.xib;
			sourceTree = "<group>";
		};
/* End PBXVariantGroup section */

/* Begin XCBuildConfiguration section */
		318359621C3BA6BE00FAB538 /* Debug */ = {
			isa = XCBuildConfiguration;
			buildSettings = {
				ALWAYS_SEARCH_USER_PATHS = NO;
				CLANG_CXX_LANGUAGE_STANDARD = "gnu++0x";
				CLANG_CXX_LIBRARY = "libc++";
				CLANG_ENABLE_MODULES = YES;
				CLANG_ENABLE_OBJC_ARC = YES;
				CLANG_WARN_BOOL_CONVERSION = YES;
				CLANG_WARN_CONSTANT_CONVERSION = YES;
				CLANG_WARN_DIRECT_OBJC_ISA_USAGE = YES_ERROR;
				CLANG_WARN_EMPTY_BODY = YES;
				CLANG_WARN_ENUM_CONVERSION = YES;
				CLANG_WARN_INT_CONVERSION = YES;
				CLANG_WARN_OBJC_ROOT_CLASS = YES_ERROR;
				CLANG_WARN_UNREACHABLE_CODE = YES;
				CLANG_WARN__DUPLICATE_METHOD_MATCH = YES;
				"CODE_SIGN_IDENTITY[sdk=iphoneos*]" = "iPhone Developer";
				COPY_PHASE_STRIP = NO;
				DEBUG_INFORMATION_FORMAT = dwarf;
				ENABLE_STRICT_OBJC_MSGSEND = YES;
				ENABLE_TESTABILITY = YES;
				GCC_C_LANGUAGE_STANDARD = gnu99;
				GCC_DYNAMIC_NO_PIC = NO;
				GCC_NO_COMMON_BLOCKS = YES;
				GCC_OPTIMIZATION_LEVEL = 0;
				GCC_PREPROCESSOR_DEFINITIONS = (
					"DEBUG=1",
					"$(inherited)",
				);
				GCC_WARN_64_TO_32_BIT_CONVERSION = YES;
				GCC_WARN_ABOUT_RETURN_TYPE = YES_ERROR;
				GCC_WARN_UNDECLARED_SELECTOR = YES;
				GCC_WARN_UNINITIALIZED_AUTOS = YES_AGGRESSIVE;
				GCC_WARN_UNUSED_FUNCTION = YES;
				GCC_WARN_UNUSED_VARIABLE = YES;
				IPHONEOS_DEPLOYMENT_TARGET = 9.1;
				MTL_ENABLE_DEBUG_INFO = YES;
				ONLY_ACTIVE_ARCH = YES;
				SDKROOT = iphoneos;
			};
			name = Debug;
		};
		318359631C3BA6BE00FAB538 /* Release */ = {
			isa = XCBuildConfiguration;
			buildSettings = {
				ALWAYS_SEARCH_USER_PATHS = NO;
				CLANG_CXX_LANGUAGE_STANDARD = "gnu++0x";
				CLANG_CXX_LIBRARY = "libc++";
				CLANG_ENABLE_MODULES = YES;
				CLANG_ENABLE_OBJC_ARC = YES;
				CLANG_WARN_BOOL_CONVERSION = YES;
				CLANG_WARN_CONSTANT_CONVERSION = YES;
				CLANG_WARN_DIRECT_OBJC_ISA_USAGE = YES_ERROR;
				CLANG_WARN_EMPTY_BODY = YES;
				CLANG_WARN_ENUM_CONVERSION = YES;
				CLANG_WARN_INT_CONVERSION = YES;
				CLANG_WARN_OBJC_ROOT_CLASS = YES_ERROR;
				CLANG_WARN_UNREACHABLE_CODE = YES;
				CLANG_WARN__DUPLICATE_METHOD_MATCH = YES;
				"CODE_SIGN_IDENTITY[sdk=iphoneos*]" = "iPhone Developer";
				COPY_PHASE_STRIP = NO;
				DEBUG_INFORMATION_FORMAT = "dwarf-with-dsym";
				ENABLE_NS_ASSERTIONS = NO;
				ENABLE_STRICT_OBJC_MSGSEND = YES;
				GCC_C_LANGUAGE_STANDARD = gnu99;
				GCC_NO_COMMON_BLOCKS = YES;
				GCC_WARN_64_TO_32_BIT_CONVERSION = YES;
				GCC_WARN_ABOUT_RETURN_TYPE = YES_ERROR;
				GCC_WARN_UNDECLARED_SELECTOR = YES;
				GCC_WARN_UNINITIALIZED_AUTOS = YES_AGGRESSIVE;
				GCC_WARN_UNUSED_FUNCTION = YES;
				GCC_WARN_UNUSED_VARIABLE = YES;
				IPHONEOS_DEPLOYMENT_TARGET = 9.1;
				MTL_ENABLE_DEBUG_INFO = NO;
				SDKROOT = iphoneos;
				VALIDATE_PRODUCT = YES;
			};
			name = Release;
		};
		318359651C3BA6BE00FAB538 /* Debug */ = {
			isa = XCBuildConfiguration;
			buildSettings = {
				ASSETCATALOG_COMPILER_APPICON_NAME = AppIcon;
				ASSETCATALOG_COMPILER_LAUNCHIMAGE_NAME = BrandAsset;
				GCC_PRECOMPILE_PREFIX_HEADER = YES;
				GCC_PREFIX_HEADER = /Users/menghaizhang/Documents/O2Osystem/O2OSystem/App/ios/YIBAO/YIBAO/PrefixHeader.pch;
				INFOPLIST_FILE = YIBAO/Info.plist;
				LD_RUNPATH_SEARCH_PATHS = "$(inherited) @executable_path/Frameworks";
				PRODUCT_BUNDLE_IDENTIFIER = zimhy.YIBAO;
				PRODUCT_NAME = "$(TARGET_NAME)";
			};
			name = Debug;
		};
		318359661C3BA6BE00FAB538 /* Release */ = {
			isa = XCBuildConfiguration;
			buildSettings = {
				ASSETCATALOG_COMPILER_APPICON_NAME = AppIcon;
				ASSETCATALOG_COMPILER_LAUNCHIMAGE_NAME = BrandAsset;
				GCC_PRECOMPILE_PREFIX_HEADER = YES;
				GCC_PREFIX_HEADER = /Users/menghaizhang/Documents/O2Osystem/O2OSystem/App/ios/YIBAO/YIBAO/PrefixHeader.pch;
				INFOPLIST_FILE = YIBAO/Info.plist;
				LD_RUNPATH_SEARCH_PATHS = "$(inherited) @executable_path/Frameworks";
				PRODUCT_BUNDLE_IDENTIFIER = zimhy.YIBAO;
				PRODUCT_NAME = "$(TARGET_NAME)";
			};
			name = Release;
		};
		318359681C3BA6BE00FAB538 /* Debug */ = {
			isa = XCBuildConfiguration;
			buildSettings = {
				BUNDLE_LOADER = "$(TEST_HOST)";
				INFOPLIST_FILE = YIBAOTests/Info.plist;
				LD_RUNPATH_SEARCH_PATHS = "$(inherited) @executable_path/Frameworks @loader_path/Frameworks";
				PRODUCT_BUNDLE_IDENTIFIER = zimhy.YIBAOTests;
				PRODUCT_NAME = "$(TARGET_NAME)";
				TEST_HOST = "$(BUILT_PRODUCTS_DIR)/YIBAO.app/YIBAO";
			};
			name = Debug;
		};
		318359691C3BA6BE00FAB538 /* Release */ = {
			isa = XCBuildConfiguration;
			buildSettings = {
				BUNDLE_LOADER = "$(TEST_HOST)";
				INFOPLIST_FILE = YIBAOTests/Info.plist;
				LD_RUNPATH_SEARCH_PATHS = "$(inherited) @executable_path/Frameworks @loader_path/Frameworks";
				PRODUCT_BUNDLE_IDENTIFIER = zimhy.YIBAOTests;
				PRODUCT_NAME = "$(TARGET_NAME)";
				TEST_HOST = "$(BUILT_PRODUCTS_DIR)/YIBAO.app/YIBAO";
			};
			name = Release;
		};
		3183596B1C3BA6BE00FAB538 /* Debug */ = {
			isa = XCBuildConfiguration;
			buildSettings = {
				INFOPLIST_FILE = YIBAOUITests/Info.plist;
				LD_RUNPATH_SEARCH_PATHS = "$(inherited) @executable_path/Frameworks @loader_path/Frameworks";
				PRODUCT_BUNDLE_IDENTIFIER = zimhy.YIBAOUITests;
				PRODUCT_NAME = "$(TARGET_NAME)";
				TEST_TARGET_NAME = YIBAO;
				USES_XCTRUNNER = YES;
			};
			name = Debug;
		};
		3183596C1C3BA6BE00FAB538 /* Release */ = {
			isa = XCBuildConfiguration;
			buildSettings = {
				INFOPLIST_FILE = YIBAOUITests/Info.plist;
				LD_RUNPATH_SEARCH_PATHS = "$(inherited) @executable_path/Frameworks @loader_path/Frameworks";
				PRODUCT_BUNDLE_IDENTIFIER = zimhy.YIBAOUITests;
				PRODUCT_NAME = "$(TARGET_NAME)";
				TEST_TARGET_NAME = YIBAO;
				USES_XCTRUNNER = YES;
			};
			name = Release;
		};
/* End XCBuildConfiguration section */

/* Begin XCConfigurationList section */
		3183592F1C3BA6BD00FAB538 /* Build configuration list for PBXProject "YIBAO" */ = {
			isa = XCConfigurationList;
			buildConfigurations = (
				318359621C3BA6BE00FAB538 /* Debug */,
				318359631C3BA6BE00FAB538 /* Release */,
			);
			defaultConfigurationIsVisible = 0;
			defaultConfigurationName = Release;
		};
		318359641C3BA6BE00FAB538 /* Build configuration list for PBXNativeTarget "YIBAO" */ = {
			isa = XCConfigurationList;
			buildConfigurations = (
				318359651C3BA6BE00FAB538 /* Debug */,
				318359661C3BA6BE00FAB538 /* Release */,
			);
			defaultConfigurationIsVisible = 0;
			defaultConfigurationName = Release;
		};
		318359671C3BA6BE00FAB538 /* Build configuration list for PBXNativeTarget "YIBAOTests" */ = {
			isa = XCConfigurationList;
			buildConfigurations = (
				318359681C3BA6BE00FAB538 /* Debug */,
				318359691C3BA6BE00FAB538 /* Release */,
			);
			defaultConfigurationIsVisible = 0;
			defaultConfigurationName = Release;
		};
		3183596A1C3BA6BE00FAB538 /* Build configuration list for PBXNativeTarget "YIBAOUITests" */ = {
			isa = XCConfigurationList;
			buildConfigurations = (
				3183596B1C3BA6BE00FAB538 /* Debug */,
				3183596C1C3BA6BE00FAB538 /* Release */,
			);
			defaultConfigurationIsVisible = 0;
			defaultConfigurationName = Release;
		};
/* End XCConfigurationList section */

/* Begin XCVersionGroup section */
		318359431C3BA6BE00FAB538 /* YIBAO.xcdatamodeld */ = {
			isa = XCVersionGroup;
			children = (
				318359441C3BA6BE00FAB538 /* YIBAO.xcdatamodel */,
			);
			currentVersion = 318359441C3BA6BE00FAB538 /* YIBAO.xcdatamodel */;
			path = YIBAO.xcdatamodeld;
			sourceTree = "<group>";
			versionGroupType = wrapper.xcdatamodel;
		};
/* End XCVersionGroup section */
	};
	rootObject = 3183592C1C3BA6BD00FAB538 /* Project object */;
}
